{
  "name": "@motebus/ultra-mcp-ss-bridge",
  "version": "3.0.1",
  "lockfileVersion": 3,
  "requires": true,
  "packages": {
    "": {
      "name": "@motebus/ultra-mcp-ss-bridge",
      "version": "3.0.1",
      "dependencies": {
        "motechat": "3.1.0"
      },
      "engines": {
        "node": ">=20.0.0"
      }
    },
    "node_modules/motebus": {
      "version": "2.1.2",
      "resolved": "https://registry.npmjs.org/motebus/-/motebus-2.1.2.tgz",
      "integrity": "sha512-VstCG1h9Md0twembPhTFSeuA3jkb/dCOE7ri+NloMyR+HMOSiEJcujy1ZhmVePSCfg58Zf8keU6MkhVVBLrQfQ==",
      "license": "ISC"
    },
    "node_modules/motechat": {
      "version": "3.1.0",
      "resolved": "https://registry.npmjs.org/motechat/-/motechat-3.1.0.tgz",
      "integrity": "sha512-joKdXGorQfbFGJYYCZCyQQSpWVOAtIhxU8gaU13jq38AewQIymuPduGeGmsUjm8g4raJB8+6G0nU3UXjwKX6cA==",
      "license": "ISC",
      "dependencies": {
        "motebus": "^2.1.2"
      }
    }
  }
}
